
Microsoft Visual Studio Solution File, Format Version 12.00
# Visual Studio Version 16
VisualStudioVersion = 16.0.31624.102
MinimumVisualStudioVersion = 10.0.40219.1
Project("{FAE04EC0-301F-11D3-BF4B-00C04F79EFBC}") = "ClothSimulation", "ClothSimulation\ClothSimulation.csproj", "{3439CD3E-DD1A-444D-A264-2EBA0F263D5D}"
EndProject
Global
	GlobalSection(SolutionConfigurationPlatforms) = preSolution
		Debug|Any CPU = Debug|Any CPU
		Release|Any CPU = Release|Any CPU
	EndGlobalSection
	GlobalSection(ProjectConfigurationPlatforms) = postSolution
		{3439CD3E-DD1A-444D-A264-2EBA0F263D5D}.Debug|Any CPU.ActiveCfg = Debug|Any CPU
		{3439CD3E-DD1A-444D-A264-2EBA0F263D5D}.Debug|Any CPU.Build.0 = Debug|Any CPU
		{3439CD3E-DD1A-444D-A264-2EBA0F263D5D}.Release|Any CPU.ActiveCfg = Release|Any CPU
		{3439CD3E-DD1A-444D-A264-2EBA0F263D5D}.Release|Any CPU.Build.0 = Release|Any CPU
	EndGlobalSection
	GlobalSection(SolutionProperties) = preSolution
		HideSolutionNode = FALSE
	EndGlobalSection
	GlobalSection(ExtensibilityGlobals) = postSolution
		SolutionGuid = {C918F54C-9611-45D6-814D-4F04DFF5F235}
	EndGlobalSection
EndGlobal
